{
    "_readme": [
        "This file locks the dependencies of your project to a known state",
        "Read more about it at https://getcomposer.org/doc/01-basic-usage.md#installing-dependencies",
        "This file is @generated automatically"
    ],
    "content-hash": "3200762072238663867a9d274ea06f06",
    "packages": [
        {
            "name": "kirki-framework/control-base",
            "version": "dev-master",
            "source": {
                "type": "git",
                "url": "https://github.com/kirki-framework/control-base.git",
                "reference": "13bf42e5b4619c9122e3c78d1381c104443c6304"
            },
            "dist": {
                "type": "zip",
                "url": "https://api.github.com/repos/kirki-framework/control-base/zipball/13bf42e5b4619c9122e3c78d1381c104443c6304",
                "reference": "13bf42e5b4619c9122e3c78d1381c104443c6304",
                "shasum": ""
            },
            "require": {
                "kirki-framework/url-getter": "*",
                "php": ">=5.6"
            },
            "type": "library",
            "autoload": {
                "psr-4": {
                    "Kirki\\Control\\": "src/Control"
                }
            },
            "notification-url": "https://packagist.org/downloads/",
            "license": [
                "MIT"
            ],
            "authors": [
                {
                    "name": "Ari Stathopoulos",
                    "email": "aristath@gmail.com",
                    "homepage": "http://aristath.github.io",
                    "role": "Developer"
                }
            ],
            "description": "The Base Class for other Kirki Customizer Controls.",
            "homepage": "https://aristath.github.io/kirki",
            "keywords": [
                "customizer",
                "framework",
                "wordpress"
            ],
            "time": "2019-10-04T21:15:35+00:00"
        },
        {
            "name": "kirki-framework/control-custom",
            "version": "dev-master",
            "source": {
                "type": "git",
                "url": "https://github.com/kirki-framework/control-custom.git",
                "reference": "134a69a61fdbc95a7d6c081b324eba262db80729"
            },
            "dist": {
                "type": "zip",
                "url": "https://api.github.com/repos/kirki-framework/control-custom/zipball/134a69a61fdbc95a7d6c081b324eba262db80729",
                "reference": "134a69a61fdbc95a7d6c081b324eba262db80729",
                "shasum": ""
            },
            "require": {
                "kirki-framework/control-base": "*",
                "php": ">=5.6"
            },
            "type": "library",
            "autoload": {
                "psr-4": {
                    "Kirki\\Control\\": "src/Control",
                    "Kirki\\Field\\": "src/Field"
                }
            },
            "notification-url": "https://packagist.org/downloads/",
            "license": [
                "MIT"
            ],
            "authors": [
                {
                    "name": "Ari Stathopoulos",
                    "email": "aristath@gmail.com",
                    "homepage": "http://aristath.github.io",
                    "role": "Developer"
                }
            ],
            "description": "Custom control for the Kirki Customizer framework.",
            "homepage": "https://aristath.github.io/kirki",
            "keywords": [
                "customizer",
                "framework",
                "wordpress"
            ],
            "time": "2019-07-06T20:23:00+00:00"
        },
        {
            "name": "kirki-framework/control-generic",
            "version": "dev-master",
            "source": {
                "type": "git",
                "url": "https://github.com/kirki-framework/control-generic.git",
                "reference": "49678ddd3e3d26c7f5a174e59f22afcc69cf7408"
            },
            "dist": {
                "type": "zip",
                "url": "https://api.github.com/repos/kirki-framework/control-generic/zipball/49678ddd3e3d26c7f5a174e59f22afcc69cf7408",
                "reference": "49678ddd3e3d26c7f5a174e59f22afcc69cf7408",
                "shasum": ""
            },
            "require": {
                "kirki-framework/control-base": "*",
                "kirki-framework/url-getter": "*",
                "php": ">=5.6"
            },
            "type": "library",
            "autoload": {
                "psr-4": {
                    "Kirki\\Control\\": "src/Control",
                    "Kirki\\Field\\": "src/Field"
                }
            },
            "notification-url": "https://packagist.org/downloads/",
            "license": [
                "MIT"
            ],
            "authors": [
                {
                    "name": "Ari Stathopoulos",
                    "email": "aristath@gmail.com",
                    "homepage": "http://aristath.github.io",
                    "role": "Developer"
                }
            ],
            "description": "Generic control for the Kirki Customizer framework.",
            "homepage": "https://aristath.github.io/kirki",
            "keywords": [
                "customizer",
                "framework",
                "wordpress"
            ],
            "time": "2019-07-06T20:26:46+00:00"
        },
        {
            "name": "kirki-framework/control-react-color",
            "version": "dev-master",
            "source": {
                "type": "git",
                "url": "https://github.com/kirki-framework/control-react-color.git",
                "reference": "13e85525ca81f94cf58121fe425f6c9a7f40db54"
            },
            "dist": {
                "type": "zip",
                "url": "https://api.github.com/repos/kirki-framework/control-react-color/zipball/13e85525ca81f94cf58121fe425f6c9a7f40db54",
                "reference": "13e85525ca81f94cf58121fe425f6c9a7f40db54",
                "shasum": ""
            },
            "require": {
                "kirki-framework/control-base": "*",
                "kirki-framework/field": "*",
                "kirki-framework/url-getter": "*",
                "php": ">=5.6"
            },
            "type": "library",
            "autoload": {
                "psr-4": {
                    "Kirki\\Control\\": "src/Control",
                    "Kirki\\Field\\": "src/Field"
                }
            },
            "notification-url": "https://packagist.org/downloads/",
            "license": [
                "MIT"
            ],
            "authors": [
                {
                    "name": "Ari Stathopoulos",
                    "email": "aristath@gmail.com",
                    "homepage": "http://aristath.github.io",
                    "role": "Developer"
                }
            ],
            "description": "Color control for the Kirki Customizer framework using react-color.",
            "homepage": "https://aristath.github.io/kirki",
            "keywords": [
                "customizer",
                "framework",
                "wordpress"
            ],
            "time": "2019-12-21T11:01:08+00:00"
        },
        {
            "name": "kirki-framework/control-react-select",
            "version": "dev-master",
            "source": {
                "type": "git",
                "url": "https://github.com/kirki-framework/control-react-select.git",
                "reference": "bc4d6cd15e482c28b4924203fc129bc1cc731c92"
            },
            "dist": {
                "type": "zip",
                "url": "https://api.github.com/repos/kirki-framework/control-react-select/zipball/bc4d6cd15e482c28b4924203fc129bc1cc731c92",
                "reference": "bc4d6cd15e482c28b4924203fc129bc1cc731c92",
                "shasum": ""
            },
            "require": {
                "kirki-framework/control-base": "*",
                "kirki-framework/url-getter": "*",
                "php": ">=5.6"
            },
            "type": "library",
            "autoload": {
                "psr-4": {
                    "Kirki\\Control\\": "src/Control",
                    "Kirki\\Field\\": "src/Field"
                }
            },
            "notification-url": "https://packagist.org/downloads/",
            "license": [
                "MIT"
            ],
            "authors": [
                {
                    "name": "Ari Stathopoulos",
                    "email": "aristath@gmail.com",
                    "homepage": "http://aristath.github.io",
                    "role": "Developer"
                }
            ],
            "description": "Select control for the Kirki Customizer framework.",
            "homepage": "https://aristath.github.io/kirki",
            "keywords": [
                "customizer",
                "framework",
                "wordpress"
            ],
            "time": "2019-11-09T11:39:56+00:00"
        },
        {
            "name": "kirki-framework/field",
            "version": "dev-master",
            "source": {
                "type": "git",
                "url": "https://github.com/kirki-framework/field.git",
                "reference": "5865773dd95b4d75c9534be2d58dde4251a06626"
            },
            "dist": {
                "type": "zip",
                "url": "https://api.github.com/repos/kirki-framework/field/zipball/5865773dd95b4d75c9534be2d58dde4251a06626",
                "reference": "5865773dd95b4d75c9534be2d58dde4251a06626",
                "shasum": ""
            },
            "require": {
                "php": ">=5.6"
            },
            "type": "library",
            "autoload": {
                "psr-4": {
                    "Kirki\\": "src"
                }
            },
            "notification-url": "https://packagist.org/downloads/",
            "license": [
                "MIT"
            ],
            "authors": [
                {
                    "name": "aristath",
                    "email": "aristath@gmail.com",
                    "homepage": "https://aristath.github.io",
                    "role": "Developer"
                }
            ],
            "description": "Customizer API abstraction used by Kirki Controls.",
            "homepage": "https://aristath.github.io/kirki",
            "keywords": [
                "customizer",
                "wordpress"
            ],
            "time": "2019-09-01T13:35:03+00:00"
        },
        {
            "name": "kirki-framework/field-typography",
            "version": "dev-master",
            "source": {
                "type": "git",
                "url": "https://github.com/kirki-framework/field-typography.git",
                "reference": "2c060f5b6298a06ef863601f9075d094e7bcd098"
            },
            "dist": {
                "type": "zip",
                "url": "https://api.github.com/repos/kirki-framework/field-typography/zipball/2c060f5b6298a06ef863601f9075d094e7bcd098",
                "reference": "2c060f5b6298a06ef863601f9075d094e7bcd098",
                "shasum": ""
            },
            "require": {
                "kirki-framework/control-base": "*",
                "kirki-framework/control-custom": "*",
                "kirki-framework/control-generic": "*",
                "kirki-framework/control-react-color": "*",
                "kirki-framework/control-react-select": "*",
                "kirki-framework/googlefonts": "*",
                "kirki-framework/module-webfonts": "*",
                "kirki-framework/url-getter": "*",
                "php": ">=5.6"
            },
            "type": "library",
            "autoload": {
                "psr-4": {
                    "Kirki\\Control\\": "src/Control",
                    "Kirki\\Field\\": "src/Field"
                }
            },
            "notification-url": "https://packagist.org/downloads/",
            "license": [
                "MIT"
            ],
            "authors": [
                {
                    "name": "Ari Stathopoulos",
                    "email": "aristath@gmail.com",
                    "homepage": "http://aristath.github.io",
                    "role": "Developer"
                }
            ],
            "description": "Typography field for the Kirki Customizer framework.",
            "homepage": "https://aristath.github.io/kirki",
            "keywords": [
                "customizer",
                "framework",
                "wordpress"
            ],
            "time": "2019-11-09T11:03:59+00:00"
        },
        {
            "name": "kirki-framework/googlefonts",
            "version": "dev-master",
            "source": {
                "type": "git",
                "url": "https://github.com/kirki-framework/googlefonts.git",
                "reference": "d943e605c1dfb985dbe2cd1bd94e005a6e5fe65b"
            },
            "dist": {
                "type": "zip",
                "url": "https://api.github.com/repos/kirki-framework/googlefonts/zipball/d943e605c1dfb985dbe2cd1bd94e005a6e5fe65b",
                "reference": "d943e605c1dfb985dbe2cd1bd94e005a6e5fe65b",
                "shasum": ""
            },
            "require": {
                "php": ">=5.6"
            },
            "type": "library",
            "autoload": {
                "psr-4": {
                    "Kirki\\": "src/"
                }
            },
            "notification-url": "https://packagist.org/downloads/",
            "license": [
                "MIT"
            ],
            "authors": [
                {
                    "name": "Ari Stathopoulos",
                    "email": "aristath@gmail.com",
                    "homepage": "http://aristath.github.io",
                    "role": "Developer"
                }
            ],
            "description": "Get a JSON file for all googlefonts. Initially built for the Kirki framework for the WordPress Customizer.",
            "homepage": "https://aristath.github.io/kirki",
            "keywords": [
                "customizer",
                "framework",
                "google-fonts",
                "googlefonts",
                "wordpress"
            ],
            "time": "2019-09-22T13:04:19+00:00"
        },
        {
            "name": "kirki-framework/module-webfonts",
            "version": "dev-master",
            "source": {
                "type": "git",
                "url": "https://github.com/kirki-framework/module-webfonts.git",
                "reference": "5fc5a286105c37f9f78c6462b71369d0d2e8f590"
            },
            "dist": {
                "type": "zip",
                "url": "https://api.github.com/repos/kirki-framework/module-webfonts/zipball/5fc5a286105c37f9f78c6462b71369d0d2e8f590",
                "reference": "5fc5a286105c37f9f78c6462b71369d0d2e8f590",
                "shasum": ""
            },
            "require": {
                "kirki-framework/googlefonts": "*",
                "php": ">=5.6"
            },
            "type": "library",
            "autoload": {
                "psr-4": {
                    "Kirki\\Module\\": "src/"
                }
            },
            "notification-url": "https://packagist.org/downloads/",
            "license": [
                "MIT"
            ],
            "authors": [
                {
                    "name": "Ari Stathopoulos",
                    "email": "aristath@gmail.com",
                    "homepage": "http://aristath.github.io",
                    "role": "Developer"
                }
            ],
            "description": "Webfonts Module for the Kirki WordPress plugin.",
            "homepage": "https://aristath.github.io/kirki",
            "keywords": [
                "customizer",
                "framework",
                "wordpress"
            ],
            "time": "2019-11-11T17:41:38+00:00"
        },
        {
            "name": "kirki-framework/url-getter",
            "version": "dev-master",
            "source": {
                "type": "git",
                "url": "https://github.com/kirki-framework/url-getter.git",
                "reference": "2b1b464b4ba7d2a3d37094669dd66f20d39fa9e3"
            },
            "dist": {
                "type": "zip",
                "url": "https://api.github.com/repos/kirki-framework/url-getter/zipball/2b1b464b4ba7d2a3d37094669dd66f20d39fa9e3",
                "reference": "2b1b464b4ba7d2a3d37094669dd66f20d39fa9e3",
                "shasum": ""
            },
            "require": {
                "php": ">=5.6"
            },
            "type": "library",
            "autoload": {
                "psr-4": {
                    "Kirki\\": "src"
                }
            },
            "notification-url": "https://packagist.org/downloads/",
            "license": [
                "MIT"
            ],
            "authors": [
                {
                    "name": "Ari Stathopoulos",
                    "email": "aristath@gmail.com",
                    "homepage": "http://aristath.github.io",
                    "role": "Developer"
                }
            ],
            "description": "Helper component to get the URL of a file in WordPress.",
            "homepage": "https://aristath.github.io/kirki",
            "keywords": [
                "wordpress"
            ],
            "time": "2019-09-08T18:32:10+00:00"
        }
    ],
    "packages-dev": [],
    "aliases": [],
    "minimum-stability": "dev",
    "stability-flags": {
        "kirki-framework/field-typography": 20
    },
    "prefer-stable": false,
    "prefer-lowest": false,
    "platform": [],
    "platform-dev": []
}
